
Microsoft Visual Studio Solution File, Format Version 12.00
# Visual Studio Version 16
VisualStudioVersion = 16.0.31321.278
MinimumVisualStudioVersion = 10.0.40219.1
Project("{FAE04EC0-301F-11D3-BF4B-00C04F79EFBC}") = "Flappy bird", "Flappy bird.csproj", "{40B0D5CF-8E2D-4C29-883B-EAC8234FFFA3}"
EndProject
Global
	GlobalSection(SolutionConfigurationPlatforms) = preSolution
		Debug|Any CPU = Debug|Any CPU
		Release|Any CPU = Release|Any CPU
	EndGlobalSection
	GlobalSection(ProjectConfigurationPlatforms) = postSolution
		{40B0D5CF-8E2D-4C29-883B-EAC8234FFFA3}.Debug|Any CPU.ActiveCfg = Debug|Any CPU
		{40B0D5CF-8E2D-4C29-883B-EAC8234FFFA3}.Debug|Any CPU.Build.0 = Debug|Any CPU
		{40B0D5CF-8E2D-4C29-883B-EAC8234FFFA3}.Release|Any CPU.ActiveCfg = Release|Any CPU
		{40B0D5CF-8E2D-4C29-883B-EAC8234FFFA3}.Release|Any CPU.Build.0 = Release|Any CPU
	EndGlobalSection
	GlobalSection(SolutionProperties) = preSolution
		HideSolutionNode = FALSE
	EndGlobalSection
	GlobalSection(ExtensibilityGlobals) = postSolution
		SolutionGuid = {62F4A693-3075-4C91-81F8-3D38095F8B3C}
	EndGlobalSection
EndGlobal
